// !$*UTF8*$!
{
	archiveVersion = 1;
	classes = {
	};
	objectVersion = 56;
	objects = {

/* Begin PBXBuildFile section */
		EF0E2F4E2C610DEA00DD0B57 /* FaceMeshCamApp.swift in Sources */ = {isa = PBXBuildFile; fileRef = EF0E2F4D2C610DEA00DD0B57 /* FaceMeshCamApp.swift */; };
		EF0E2F502C610DEA00DD0B57 /* ContentView.swift in Sources */ = {isa = PBXBuildFile; fileRef = EF0E2F4F2C610DEA00DD0B57 /* ContentView.swift */; };
		EF0E2F522C610DEB00DD0B57 /* Assets.xcassets in Resources */ = {isa = PBXBuildFile; fileRef = EF0E2F512C610DEB00DD0B57 /* Assets.xcassets */; };
		EF0E2F552C610DEB00DD0B57 /* Preview Assets.xcassets in Resources */ = {isa = PBXBuildFile; fileRef = EF0E2F542C610DEB00DD0B57 /* Preview Assets.xcassets */; };
		EF0E2F5F2C610DEB00DD0B57 /* FaceMeshCamTests.swift in Sources */ = {isa = PBXBuildFile; fileRef = EF0E2F5E2C610DEB00DD0B57 /* FaceMeshCamTests.swift */; };
		EF0E2F692C610DEB00DD0B57 /* FaceMeshCamUITests.swift in Sources */ = {isa = PBXBuildFile; fileRef = EF0E2F682C610DEB00DD0B57 /* FaceMeshCamUITests.swift */; };
		EF0E2F6B2C610DEB00DD0B57 /* FaceMeshCamUITestsLaunchTests.swift in Sources */ = {isa = PBXBuildFile; fileRef = EF0E2F6A2C610DEB00DD0B57 /* FaceMeshCamUITestsLaunchTests.swift */; };
		EF0E2F782C610E3C00DD0B57 /* FaceMeshCamView.swift in Sources */ = {isa = PBXBuildFile; fileRef = EF0E2F772C610E3C00DD0B57 /* FaceMeshCamView.swift */; };
		EF0E2F7A2C610E4200DD0B57 /* FaceMeshCamViewModel.swift in Sources */ = {isa = PBXBuildFile; fileRef = EF0E2F792C610E4200DD0B57 /* FaceMeshCamViewModel.swift */; };
/* End PBXBuildFile section */

/* Begin PBXContainerItemProxy section */
		EF0E2F5B2C610DEB00DD0B57 /* PBXContainerItemProxy */ = {
			isa = PBXContainerItemProxy;
			containerPortal = EF0E2F422C610DEA00DD0B57 /* Project object */;
			proxyType = 1;
			remoteGlobalIDString = EF0E2F492C610DEA00DD0B57;
			remoteInfo = FaceMeshCam;
		};
		EF0E2F652C610DEB00DD0B57 /* PBXContainerItemProxy */ = {
			isa = PBXContainerItemProxy;
			containerPortal = EF0E2F422C610DEA00DD0B57 /* Project object */;
			proxyType = 1;
			remoteGlobalIDString = EF0E2F492C610DEA00DD0B57;
			remoteInfo = FaceMeshCam;
		};
/* End PBXContainerItemProxy section */

/* Begin PBXFileReference section */
		EF0E2F4A2C610DEA00DD0B57 /* FaceMeshCam.app */ = {isa = PBXFileReference; explicitFileType = wrapper.application; includeInIndex = 0; path = FaceMeshCam.app; sourceTree = BUILT_PRODUCTS_DIR; };
		EF0E2F4D2C610DEA00DD0B57 /* FaceMeshCamApp.swift */ = {isa = PBXFileReference; lastKnownFileType = sourcecode.swift; path = FaceMeshCamApp.swift; sourceTree = "<group>"; };
		EF0E2F4F2C610DEA00DD0B57 /* ContentView.swift */ = {isa = PBXFileReference; lastKnownFileType = sourcecode.swift; path = ContentView.swift; sourceTree = "<group>"; };
		EF0E2F512C610DEB00DD0B57 /* Assets.xcassets */ = {isa = PBXFileReference; lastKnownFileType = folder.assetcatalog; path = Assets.xcassets; sourceTree = "<group>"; };
		EF0E2F542C610DEB00DD0B57 /* Preview Assets.xcassets */ = {isa = PBXFileReference; lastKnownFileType = folder.assetcatalog; path = "Preview Assets.xcassets"; sourceTree = "<group>"; };
		EF0E2F5A2C610DEB00DD0B57 /* FaceMeshCamTests.xctest */ = {isa = PBXFileReference; explicitFileType = wrapper.cfbundle; includeInIndex = 0; path = FaceMeshCamTests.xctest; sourceTree = BUILT_PRODUCTS_DIR; };
		EF0E2F5E2C610DEB00DD0B57 /* FaceMeshCamTests.swift */ = {isa = PBXFileReference; lastKnownFileType = sourcecode.swift; path = FaceMeshCamTests.swift; sourceTree = "<group>"; };
		EF0E2F642C610DEB00DD0B57 /* FaceMeshCamUITests.xctest */ = {isa = PBXFileReference; explicitFileType = wrapper.cfbundle; includeInIndex = 0; path = FaceMeshCamUITests.xctest; sourceTree = BUILT_PRODUCTS_DIR; };
		EF0E2F682C610DEB00DD0B57 /* FaceMeshCamUITests.swift */ = {isa = PBXFileReference; lastKnownFileType = sourcecode.swift; path = FaceMeshCamUITests.swift; sourceTree = "<group>"; };
		EF0E2F6A2C610DEB00DD0B57 /* FaceMeshCamUITestsLaunchTests.swift */ = {isa = PBXFileReference; lastKnownFileType = sourcecode.swift; path = FaceMeshCamUITestsLaunchTests.swift; sourceTree = "<group>"; };
		EF0E2F772C610E3C00DD0B57 /* FaceMeshCamView.swift */ = {isa = PBXFileReference; lastKnownFileType = sourcecode.swift; path = FaceMeshCamView.swift; sourceTree = "<group>"; };
		EF0E2F792C610E4200DD0B57 /* FaceMeshCamViewModel.swift */ = {isa = PBXFileReference; lastKnownFileType = sourcecode.swift; path = FaceMeshCamViewModel.swift; sourceTree = "<group>"; };
/* End PBXFileReference section */

/* Begin PBXFrameworksBuildPhase section */
		EF0E2F472C610DEA00DD0B57 /* Frameworks */ = {
			isa = PBXFrameworksBuildPhase;
			buildActionMask = 2147483647;
			files = (
			);
			runOnlyForDeploymentPostprocessing = 0;
		};
		EF0E2F572C610DEB00DD0B57 /* Frameworks */ = {
			isa = PBXFrameworksBuildPhase;
			buildActionMask = 2147483647;
			files = (
			);
			runOnlyForDeploymentPostprocessing = 0;
		};
		EF0E2F612C610DEB00DD0B57 /* Frameworks */ = {
			isa = PBXFrameworksBuildPhase;
			buildActionMask = 2147483647;
			files = (
			);
			runOnlyForDeploymentPostprocessing = 0;
		};
/* End PBXFrameworksBuildPhase section */

/* Begin PBXGroup section */
		EF0E2F412C610DEA00DD0B57 = {
			isa = PBXGroup;
			children = (
				EF0E2F772C610E3C00DD0B57 /* FaceMeshCamView.swift */,
				EF0E2F792C610E4200DD0B57 /* FaceMeshCamViewModel.swift */,
				EF0E2F4C2C610DEA00DD0B57 /* FaceMeshCam */,
				EF0E2F5D2C610DEB00DD0B57 /* FaceMeshCamTests */,
				EF0E2F672C610DEB00DD0B57 /* FaceMeshCamUITests */,
				EF0E2F4B2C610DEA00DD0B57 /* Products */,
			);
			sourceTree = "<group>";
		};
		EF0E2F4B2C610DEA00DD0B57 /* Products */ = {
			isa = PBXGroup;
			children = (
				EF0E2F4A2C610DEA00DD0B57 /* FaceMeshCam.app */,
				EF0E2F5A2C610DEB00DD0B57 /* FaceMeshCamTests.xctest */,
				EF0E2F642C610DEB00DD0B57 /* FaceMeshCamUITests.xctest */,
			);
			name = Products;
			sourceTree = "<group>";
		};
		EF0E2F4C2C610DEA00DD0B57 /* FaceMeshCam */ = {
			isa = PBXGroup;
			children = (
				EF0E2F4D2C610DEA00DD0B57 /* FaceMeshCamApp.swift */,
				EF0E2F4F2C610DEA00DD0B57 /* ContentView.swift */,
				EF0E2F512C610DEB00DD0B57 /* Assets.xcassets */,
				EF0E2F532C610DEB00DD0B57 /* Preview Content */,
			);
			path = FaceMeshCam;
			sourceTree = "<group>";
		};
		EF0E2F532C610DEB00DD0B57 /* Preview Content */ = {
			isa = PBXGroup;
			children = (
				EF0E2F542C610DEB00DD0B57 /* Preview Assets.xcassets */,
			);
			path = "Preview Content";
			sourceTree = "<group>";
		};
		EF0E2F5D2C610DEB00DD0B57 /* FaceMeshCamTests */ = {
			isa = PBXGroup;
			children = (
				EF0E2F5E2C610DEB00DD0B57 /* FaceMeshCamTests.swift */,
			);
			path = FaceMeshCamTests;
			sourceTree = "<group>";
		};
		EF0E2F672C610DEB00DD0B57 /* FaceMeshCamUITests */ = {
			isa = PBXGroup;
			children = (
				EF0E2F682C610DEB00DD0B57 /* FaceMeshCamUITests.swift */,
				EF0E2F6A2C610DEB00DD0B57 /* FaceMeshCamUITestsLaunchTests.swift */,
			);
			path = FaceMeshCamUITests;
			sourceTree = "<group>";
		};
/* End PBXGroup section */

/* Begin PBXNativeTarget section */
		EF0E2F492C610DEA00DD0B57 /* FaceMeshCam */ = {
			isa = PBXNativeTarget;
			buildConfigurationList = EF0E2F6E2C610DEB00DD0B57 /* Build configuration list for PBXNativeTarget "FaceMeshCam" */;
			buildPhases = (
				EF0E2F462C610DEA00DD0B57 /* Sources */,
				EF0E2F472C610DEA00DD0B57 /* Frameworks */,
				EF0E2F482C610DEA00DD0B57 /* Resources */,
			);
			buildRules = (
			);
			dependencies = (
			);
			name = FaceMeshCam;
			productName = FaceMeshCam;
			productReference = EF0E2F4A2C610DEA00DD0B57 /* FaceMeshCam.app */;
			productType = "com.apple.product-type.application";
		};
		EF0E2F592C610DEB00DD0B57 /* FaceMeshCamTests */ = {
			isa = PBXNativeTarget;
			buildConfigurationList = EF0E2F712C610DEB00DD0B57 /* Build configuration list for PBXNativeTarget "FaceMeshCamTests" */;
			buildPhases = (
				EF0E2F562C610DEB00DD0B57 /* Sources */,
				EF0E2F572C610DEB00DD0B57 /* Frameworks */,
				EF0E2F582C610DEB00DD0B57 /* Resources */,
			);
			buildRules = (
			);
			dependencies = (
				EF0E2F5C2C610DEB00DD0B57 /* PBXTargetDependency */,
			);
			name = FaceMeshCamTests;
			productName = FaceMeshCamTests;
			productReference = EF0E2F5A2C610DEB00DD0B57 /* FaceMeshCamTests.xctest */;
			productType = "com.apple.product-type.bundle.unit-test";
		};
		EF0E2F632C610DEB00DD0B57 /* FaceMeshCamUITests */ = {
			isa = PBXNativeTarget;
			buildConfigurationList = EF0E2F742C610DEB00DD0B57 /* Build configuration list for PBXNativeTarget "FaceMeshCamUITests" */;
			buildPhases = (
				EF0E2F602C610DEB00DD0B57 /* Sources */,
				EF0E2F612C610DEB00DD0B57 /* Frameworks */,
				EF0E2F622C610DEB00DD0B57 /* Resources */,
			);
			buildRules = (
			);
			dependencies = (
				EF0E2F662C610DEB00DD0B57 /* PBXTargetDependency */,
			);
			name = FaceMeshCamUITests;
			productName = FaceMeshCamUITests;
			productReference = EF0E2F642C610DEB00DD0B57 /* FaceMeshCamUITests.xctest */;
			productType = "com.apple.product-type.bundle.ui-testing";
		};
/* End PBXNativeTarget section */

/* Begin PBXProject section */
		EF0E2F422C610DEA00DD0B57 /* Project object */ = {
			isa = PBXProject;
			attributes = {
				BuildIndependentTargetsInParallel = 1;
				LastSwiftUpdateCheck = 1500;
				LastUpgradeCheck = 1500;
				TargetAttributes = {
					EF0E2F492C610DEA00DD0B57 = {
						CreatedOnToolsVersion = 15.0.1;
					};
					EF0E2F592C610DEB00DD0B57 = {
						CreatedOnToolsVersion = 15.0.1;
						TestTargetID = EF0E2F492C610DEA00DD0B57;
					};
					EF0E2F632C610DEB00DD0B57 = {
						CreatedOnToolsVersion = 15.0.1;
						TestTargetID = EF0E2F492C610DEA00DD0B57;
					};
				};
			};
			buildConfigurationList = EF0E2F452C610DEA00DD0B57 /* Build configuration list for PBXProject "FaceMeshCam" */;
			compatibilityVersion = "Xcode 14.0";
			developmentRegion = en;
			hasScannedForEncodings = 0;
			knownRegions = (
				en,
				Base,
			);
			mainGroup = EF0E2F412C610DEA00DD0B57;
			productRefGroup = EF0E2F4B2C610DEA00DD0B57 /* Products */;
			projectDirPath = "";
			projectRoot = "";
			targets = (
				EF0E2F492C610DEA00DD0B57 /* FaceMeshCam */,
				EF0E2F592C610DEB00DD0B57 /* FaceMeshCamTests */,
				EF0E2F632C610DEB00DD0B57 /* FaceMeshCamUITests */,
			);
		};
/* End PBXProject section */

/* Begin PBXResourcesBuildPhase section */
		EF0E2F482C610DEA00DD0B57 /* Resources */ = {
			isa = PBXResourcesBuildPhase;
			buildActionMask = 2147483647;
			files = (
				EF0E2F552C610DEB00DD0B57 /* Preview Assets.xcassets in Resources */,
				EF0E2F522C610DEB00DD0B57 /* Assets.xcassets in Resources */,
			);
			runOnlyForDeploymentPostprocessing = 0;
		};
		EF0E2F582C610DEB00DD0B57 /* Resources */ = {
			isa = PBXResourcesBuildPhase;
			buildActionMask = 2147483647;
			files = (
			);
			runOnlyForDeploymentPostprocessing = 0;
		};
		EF0E2F622C610DEB00DD0B57 /* Resources */ = {
			isa = PBXResourcesBuildPhase;
			buildActionMask = 2147483647;
			files = (
			);
			runOnlyForDeploymentPostprocessing = 0;
		};
/* End PBXResourcesBuildPhase section */

/* Begin PBXSourcesBuildPhase section */
		EF0E2F462C610DEA00DD0B57 /* Sources */ = {
			isa = PBXSourcesBuildPhase;
			buildActionMask = 2147483647;
			files = (
				EF0E2F502C610DEA00DD0B57 /* ContentView.swift in Sources */,
				EF0E2F782C610E3C00DD0B57 /* FaceMeshCamView.swift in Sources */,
				EF0E2F7A2C610E4200DD0B57 /* FaceMeshCamViewModel.swift in Sources */,
				EF0E2F4E2C610DEA00DD0B57 /* FaceMeshCamApp.swift in Sources */,
			);
			runOnlyForDeploymentPostprocessing = 0;
		};
		EF0E2F562C610DEB00DD0B57 /* Sources */ = {
			isa = PBXSourcesBuildPhase;
			buildActionMask = 2147483647;
			files = (
				EF0E2F5F2C610DEB00DD0B57 /* FaceMeshCamTests.swift in Sources */,
			);
			runOnlyForDeploymentPostprocessing = 0;
		};
		EF0E2F602C610DEB00DD0B57 /* Sources */ = {
			isa = PBXSourcesBuildPhase;
			buildActionMask = 2147483647;
			files = (
				EF0E2F6B2C610DEB00DD0B57 /* FaceMeshCamUITestsLaunchTests.swift in Sources */,
				EF0E2F692C610DEB00DD0B57 /* FaceMeshCamUITests.swift in Sources */,
			);
			runOnlyForDeploymentPostprocessing = 0;
		};
/* End PBXSourcesBuildPhase section */

/* Begin PBXTargetDependency section */
		EF0E2F5C2C610DEB00DD0B57 /* PBXTargetDependency */ = {
			isa = PBXTargetDependency;
			target = EF0E2F492C610DEA00DD0B57 /* FaceMeshCam */;
			targetProxy = EF0E2F5B2C610DEB00DD0B57 /* PBXContainerItemProxy */;
		};
		EF0E2F662C610DEB00DD0B57 /* PBXTargetDependency */ = {
			isa = PBXTargetDependency;
			target = EF0E2F492C610DEA00DD0B57 /* FaceMeshCam */;
			targetProxy = EF0E2F652C610DEB00DD0B57 /* PBXContainerItemProxy */;
		};
/* End PBXTargetDependency section */

/* Begin XCBuildConfiguration section */
		EF0E2F6C2C610DEB00DD0B57 /* Debug */ = {
			isa = XCBuildConfiguration;
			buildSettings = {
				ALWAYS_SEARCH_USER_PATHS = NO;
				ASSETCATALOG_COMPILER_GENERATE_SWIFT_ASSET_SYMBOL_EXTENSIONS = YES;
				CLANG_ANALYZER_NONNULL = YES;
				CLANG_ANALYZER_NUMBER_OBJECT_CONVERSION = YES_AGGRESSIVE;
				CLANG_CXX_LANGUAGE_STANDARD = "gnu++20";
				CLANG_ENABLE_MODULES = YES;
				CLANG_ENABLE_OBJC_ARC = YES;
				CLANG_ENABLE_OBJC_WEAK = YES;
				CLANG_WARN_BLOCK_CAPTURE_AUTORELEASING = YES;
				CLANG_WARN_BOOL_CONVERSION = YES;
				CLANG_WARN_COMMA = YES;
				CLANG_WARN_CONSTANT_CONVERSION = YES;
				CLANG_WARN_DEPRECATED_OBJC_IMPLEMENTATIONS = YES;
				CLANG_WARN_DIRECT_OBJC_ISA_USAGE = YES_ERROR;
				CLANG_WARN_DOCUMENTATION_COMMENTS = YES;
				CLANG_WARN_EMPTY_BODY = YES;
				CLANG_WARN_ENUM_CONVERSION = YES;
				CLANG_WARN_INFINITE_RECURSION = YES;
				CLANG_WARN_INT_CONVERSION = YES;
				CLANG_WARN_NON_LITERAL_NULL_CONVERSION = YES;
				CLANG_WARN_OBJC_IMPLICIT_RETAIN_SELF = YES;
				CLANG_WARN_OBJC_LITERAL_CONVERSION = YES;
				CLANG_WARN_OBJC_ROOT_CLASS = YES_ERROR;
				CLANG_WARN_QUOTED_INCLUDE_IN_FRAMEWORK_HEADER = YES;
				CLANG_WARN_RANGE_LOOP_ANALYSIS = YES;
				CLANG_WARN_STRICT_PROTOTYPES = YES;
				CLANG_WARN_SUSPICIOUS_MOVE = YES;
				CLANG_WARN_UNGUARDED_AVAILABILITY = YES_AGGRESSIVE;
				CLANG_WARN_UNREACHABLE_CODE = YES;
				CLANG_WARN__DUPLICATE_METHOD_MATCH = YES;
				COPY_PHASE_STRIP = NO;
				DEBUG_INFORMATION_FORMAT = dwarf;
				ENABLE_STRICT_OBJC_MSGSEND = YES;
				ENABLE_TESTABILITY = YES;
				ENABLE_USER_SCRIPT_SANDBOXING = YES;
				GCC_C_LANGUAGE_STANDARD = gnu17;
				GCC_DYNAMIC_NO_PIC = NO;
				GCC_NO_COMMON_BLOCKS = YES;
				GCC_OPTIMIZATION_LEVEL = 0;
				GCC_PREPROCESSOR_DEFINITIONS = (
					"DEBUG=1",
					"$(inherited)",
				);
				GCC_WARN_64_TO_32_BIT_CONVERSION = YES;
				GCC_WARN_ABOUT_RETURN_TYPE = YES_ERROR;
				GCC_WARN_UNDECLARED_SELECTOR = YES;
				GCC_WARN_UNINITIALIZED_AUTOS = YES_AGGRESSIVE;
				GCC_WARN_UNUSED_FUNCTION = YES;
				GCC_WARN_UNUSED_VARIABLE = YES;
				IPHONEOS_DEPLOYMENT_TARGET = 17.0;
				LOCALIZATION_PREFERS_STRING_CATALOGS = YES;
				MTL_ENABLE_DEBUG_INFO = INCLUDE_SOURCE;
				MTL_FAST_MATH = YES;
				ONLY_ACTIVE_ARCH = YES;
				SDKROOT = iphoneos;
				SWIFT_ACTIVE_COMPILATION_CONDITIONS = "DEBUG $(inherited)";
				SWIFT_OPTIMIZATION_LEVEL = "-Onone";
			};
			name = Debug;
		};
		EF0E2F6D2C610DEB00DD0B57 /* Release */ = {
			isa = XCBuildConfiguration;
			buildSettings = {
				ALWAYS_SEARCH_USER_PATHS = NO;
				ASSETCATALOG_COMPILER_GENERATE_SWIFT_ASSET_SYMBOL_EXTENSIONS = YES;
				CLANG_ANALYZER_NONNULL = YES;
				CLANG_ANALYZER_NUMBER_OBJECT_CONVERSION = YES_AGGRESSIVE;
				CLANG_CXX_LANGUAGE_STANDARD = "gnu++20";
				CLANG_ENABLE_MODULES = YES;
				CLANG_ENABLE_OBJC_ARC = YES;
				CLANG_ENABLE_OBJC_WEAK = YES;
				CLANG_WARN_BLOCK_CAPTURE_AUTORELEASING = YES;
				CLANG_WARN_BOOL_CONVERSION = YES;
				CLANG_WARN_COMMA = YES;
				CLANG_WARN_CONSTANT_CONVERSION = YES;
				CLANG_WARN_DEPRECATED_OBJC_IMPLEMENTATIONS = YES;
				CLANG_WARN_DIRECT_OBJC_ISA_USAGE = YES_ERROR;
				CLANG_WARN_DOCUMENTATION_COMMENTS = YES;
				CLANG_WARN_EMPTY_BODY = YES;
				CLANG_WARN_ENUM_CONVERSION = YES;
				CLANG_WARN_INFINITE_RECURSION = YES;
				CLANG_WARN_INT_CONVERSION = YES;
				CLANG_WARN_NON_LITERAL_NULL_CONVERSION = YES;
				CLANG_WARN_OBJC_IMPLICIT_RETAIN_SELF = YES;
				CLANG_WARN_OBJC_LITERAL_CONVERSION = YES;
				CLANG_WARN_OBJC_ROOT_CLASS = YES_ERROR;
				CLANG_WARN_QUOTED_INCLUDE_IN_FRAMEWORK_HEADER = YES;
				CLANG_WARN_RANGE_LOOP_ANALYSIS = YES;
				CLANG_WARN_STRICT_PROTOTYPES = YES;
				CLANG_WARN_SUSPICIOUS_MOVE = YES;
				CLANG_WARN_UNGUARDED_AVAILABILITY = YES_AGGRESSIVE;
				CLANG_WARN_UNREACHABLE_CODE = YES;
				CLANG_WARN__DUPLICATE_METHOD_MATCH = YES;
				COPY_PHASE_STRIP = NO;
				DEBUG_INFORMATION_FORMAT = "dwarf-with-dsym";
				ENABLE_NS_ASSERTIONS = NO;
				ENABLE_STRICT_OBJC_MSGSEND = YES;
				ENABLE_USER_SCRIPT_SANDBOXING = YES;
				GCC_C_LANGUAGE_STANDARD = gnu17;
				GCC_NO_COMMON_BLOCKS = YES;
				GCC_WARN_64_TO_32_BIT_CONVERSION = YES;
				GCC_WARN_ABOUT_RETURN_TYPE = YES_ERROR;
				GCC_WARN_UNDECLARED_SELECTOR = YES;
				GCC_WARN_UNINITIALIZED_AUTOS = YES_AGGRESSIVE;
				GCC_WARN_UNUSED_FUNCTION = YES;
				GCC_WARN_UNUSED_VARIABLE = YES;
				IPHONEOS_DEPLOYMENT_TARGET = 17.0;
				LOCALIZATION_PREFERS_STRING_CATALOGS = YES;
				MTL_ENABLE_DEBUG_INFO = NO;
				MTL_FAST_MATH = YES;
				SDKROOT = iphoneos;
				SWIFT_COMPILATION_MODE = wholemodule;
				VALIDATE_PRODUCT = YES;
			};
			name = Release;
		};
		EF0E2F6F2C610DEB00DD0B57 /* Debug */ = {
			isa = XCBuildConfiguration;
			buildSettings = {
				ASSETCATALOG_COMPILER_APPICON_NAME = AppIcon;
				ASSETCATALOG_COMPILER_GLOBAL_ACCENT_COLOR_NAME = AccentColor;
				CODE_SIGN_STYLE = Automatic;
				CURRENT_PROJECT_VERSION = 1;
				DEVELOPMENT_ASSET_PATHS = "\"FaceMeshCam/Preview Content\"";
				DEVELOPMENT_TEAM = 9D79AWT4TU;
				ENABLE_PREVIEWS = YES;
				GENERATE_INFOPLIST_FILE = YES;
				INFOPLIST_KEY_NSCameraUsageDescription = "This app requires access to the camera for live viewing";
				INFOPLIST_KEY_UIApplicationSceneManifest_Generation = YES;
				INFOPLIST_KEY_UIApplicationSupportsIndirectInputEvents = YES;
				INFOPLIST_KEY_UILaunchScreen_Generation = YES;
				INFOPLIST_KEY_UISupportedInterfaceOrientations_iPad = "UIInterfaceOrientationPortrait UIInterfaceOrientationPortraitUpsideDown UIInterfaceOrientationLandscapeLeft UIInterfaceOrientationLandscapeRight";
				INFOPLIST_KEY_UISupportedInterfaceOrientations_iPhone = "UIInterfaceOrientationPortrait UIInterfaceOrientationLandscapeLeft UIInterfaceOrientationLandscapeRight";
				LD_RUNPATH_SEARCH_PATHS = (
					"$(inherited)",
					"@executable_path/Frameworks",
				);
				MARKETING_VERSION = 1.0;
				PRODUCT_BUNDLE_IDENTIFIER = com.halim.FaceMeshCam;
				PRODUCT_NAME = "$(TARGET_NAME)";
				SWIFT_EMIT_LOC_STRINGS = YES;
				SWIFT_VERSION = 5.0;
				TARGETED_DEVICE_FAMILY = "1,2";
			};
			name = Debug;
		};
		EF0E2F702C610DEB00DD0B57 /* Release */ = {
			isa = XCBuildConfiguration;
			buildSettings = {
				ASSETCATALOG_COMPILER_APPICON_NAME = AppIcon;
				ASSETCATALOG_COMPILER_GLOBAL_ACCENT_COLOR_NAME = AccentColor;
				CODE_SIGN_STYLE = Automatic;
				CURRENT_PROJECT_VERSION = 1;
				DEVELOPMENT_ASSET_PATHS = "\"FaceMeshCam/Preview Content\"";
				DEVELOPMENT_TEAM = 9D79AWT4TU;
				ENABLE_PREVIEWS = YES;
				GENERATE_INFOPLIST_FILE = YES;
				INFOPLIST_KEY_NSCameraUsageDescription = "This app requires access to the camera for live viewing";
				INFOPLIST_KEY_UIApplicationSceneManifest_Generation = YES;
				INFOPLIST_KEY_UIApplicationSupportsIndirectInputEvents = YES;
				INFOPLIST_KEY_UILaunchScreen_Generation = YES;
				INFOPLIST_KEY_UISupportedInterfaceOrientations_iPad = "UIInterfaceOrientationPortrait UIInterfaceOrientationPortraitUpsideDown UIInterfaceOrientationLandscapeLeft UIInterfaceOrientationLandscapeRight";
				INFOPLIST_KEY_UISupportedInterfaceOrientations_iPhone = "UIInterfaceOrientationPortrait UIInterfaceOrientationLandscapeLeft UIInterfaceOrientationLandscapeRight";
				LD_RUNPATH_SEARCH_PATHS = (
					"$(inherited)",
					"@executable_path/Frameworks",
				);
				MARKETING_VERSION = 1.0;
				PRODUCT_BUNDLE_IDENTIFIER = com.halim.FaceMeshCam;
				PRODUCT_NAME = "$(TARGET_NAME)";
				SWIFT_EMIT_LOC_STRINGS = YES;
				SWIFT_VERSION = 5.0;
				TARGETED_DEVICE_FAMILY = "1,2";
			};
			name = Release;
		};
		EF0E2F722C610DEB00DD0B57 /* Debug */ = {
			isa = XCBuildConfiguration;
			buildSettings = {
				ALWAYS_EMBED_SWIFT_STANDARD_LIBRARIES = YES;
				BUNDLE_LOADER = "$(TEST_HOST)";
				CODE_SIGN_STYLE = Automatic;
				CURRENT_PROJECT_VERSION = 1;
				DEVELOPMENT_TEAM = 9D79AWT4TU;
				GENERATE_INFOPLIST_FILE = YES;
				IPHONEOS_DEPLOYMENT_TARGET = 17.0;
				MARKETING_VERSION = 1.0;
				PRODUCT_BUNDLE_IDENTIFIER = com.halim.FaceMeshCamTests;
				PRODUCT_NAME = "$(TARGET_NAME)";
				SWIFT_EMIT_LOC_STRINGS = NO;
				SWIFT_VERSION = 5.0;
				TARGETED_DEVICE_FAMILY = "1,2";
				TEST_HOST = "$(BUILT_PRODUCTS_DIR)/FaceMeshCam.app/$(BUNDLE_EXECUTABLE_FOLDER_PATH)/FaceMeshCam";
			};
			name = Debug;
		};
		EF0E2F732C610DEB00DD0B57 /* Release */ = {
			isa = XCBuildConfiguration;
			buildSettings = {
				ALWAYS_EMBED_SWIFT_STANDARD_LIBRARIES = YES;
				BUNDLE_LOADER = "$(TEST_HOST)";
				CODE_SIGN_STYLE = Automatic;
				CURRENT_PROJECT_VERSION = 1;
				DEVELOPMENT_TEAM = 9D79AWT4TU;
				GENERATE_INFOPLIST_FILE = YES;
				IPHONEOS_DEPLOYMENT_TARGET = 17.0;
				MARKETING_VERSION = 1.0;
				PRODUCT_BUNDLE_IDENTIFIER = com.halim.FaceMeshCamTests;
				PRODUCT_NAME = "$(TARGET_NAME)";
				SWIFT_EMIT_LOC_STRINGS = NO;
				SWIFT_VERSION = 5.0;
				TARGETED_DEVICE_FAMILY = "1,2";
				TEST_HOST = "$(BUILT_PRODUCTS_DIR)/FaceMeshCam.app/$(BUNDLE_EXECUTABLE_FOLDER_PATH)/FaceMeshCam";
			};
			name = Release;
		};
		EF0E2F752C610DEB00DD0B57 /* Debug */ = {
			isa = XCBuildConfiguration;
			buildSettings = {
				ALWAYS_EMBED_SWIFT_STANDARD_LIBRARIES = YES;
				CODE_SIGN_STYLE = Automatic;
				CURRENT_PROJECT_VERSION = 1;
				DEVELOPMENT_TEAM = 9D79AWT4TU;
				GENERATE_INFOPLIST_FILE = YES;
				MARKETING_VERSION = 1.0;
				PRODUCT_BUNDLE_IDENTIFIER = com.halim.FaceMeshCamUITests;
				PRODUCT_NAME = "$(TARGET_NAME)";
				SWIFT_EMIT_LOC_STRINGS = NO;
				SWIFT_VERSION = 5.0;
				TARGETED_DEVICE_FAMILY = "1,2";
				TEST_TARGET_NAME = FaceMeshCam;
			};
			name = Debug;
		};
		EF0E2F762C610DEB00DD0B57 /* Release */ = {
			isa = XCBuildConfiguration;
			buildSettings = {
				ALWAYS_EMBED_SWIFT_STANDARD_LIBRARIES = YES;
				CODE_SIGN_STYLE = Automatic;
				CURRENT_PROJECT_VERSION = 1;
				DEVELOPMENT_TEAM = 9D79AWT4TU;
				GENERATE_INFOPLIST_FILE = YES;
				MARKETING_VERSION = 1.0;
				PRODUCT_BUNDLE_IDENTIFIER = com.halim.FaceMeshCamUITests;
				PRODUCT_NAME = "$(TARGET_NAME)";
				SWIFT_EMIT_LOC_STRINGS = NO;
				SWIFT_VERSION = 5.0;
				TARGETED_DEVICE_FAMILY = "1,2";
				TEST_TARGET_NAME = FaceMeshCam;
			};
			name = Release;
		};
/* End XCBuildConfiguration section */

/* Begin XCConfigurationList section */
		EF0E2F452C610DEA00DD0B57 /* Build configuration list for PBXProject "FaceMeshCam" */ = {
			isa = XCConfigurationList;
			buildConfigurations = (
				EF0E2F6C2C610DEB00DD0B57 /* Debug */,
				EF0E2F6D2C610DEB00DD0B57 /* Release */,
			);
			defaultConfigurationIsVisible = 0;
			defaultConfigurationName = Release;
		};
		EF0E2F6E2C610DEB00DD0B57 /* Build configuration list for PBXNativeTarget "FaceMeshCam" */ = {
			isa = XCConfigurationList;
			buildConfigurations = (
				EF0E2F6F2C610DEB00DD0B57 /* Debug */,
				EF0E2F702C610DEB00DD0B57 /* Release */,
			);
			defaultConfigurationIsVisible = 0;
			defaultConfigurationName = Release;
		};
		EF0E2F712C610DEB00DD0B57 /* Build configuration list for PBXNativeTarget "FaceMeshCamTests" */ = {
			isa = XCConfigurationList;
			buildConfigurations = (
				EF0E2F722C610DEB00DD0B57 /* Debug */,
				EF0E2F732C610DEB00DD0B57 /* Release */,
			);
			defaultConfigurationIsVisible = 0;
			defaultConfigurationName = Release;
		};
		EF0E2F742C610DEB00DD0B57 /* Build configuration list for PBXNativeTarget "FaceMeshCamUITests" */ = {
			isa = XCConfigurationList;
			buildConfigurations = (
				EF0E2F752C610DEB00DD0B57 /* Debug */,
				EF0E2F762C610DEB00DD0B57 /* Release */,
			);
			defaultConfigurationIsVisible = 0;
			defaultConfigurationName = Release;
		};
/* End XCConfigurationList section */
	};
	rootObject = EF0E2F422C610DEA00DD0B57 /* Project object */;
}
